dependencies:
- name: cp-helm-charts
  repository: https://confluentinc.github.io/cp-helm-charts/
  version: 0.5.0
- name: mp-web-client
  repository: https://chartmuseum.iot-data-mp.com
  version: 0.1.0
- name: mp-api-gateway
  repository: https://chartmuseum.iot-data-mp.com
  version: 0.1.0
- name: mp-kafka-rest-proxy
  repository: https://chartmuseum.iot-data-mp.com
  version: 0.1.0
- name: mp-bc-client
  repository: https://chartmuseum.iot-data-mp.com
  version: 0.1.0
- name: mp-signature-verifier
  repository: https://chartmuseum.iot-data-mp.com
  version: 0.1.0
- name: mp-entity-manager
  repository: https://chartmuseum.iot-data-mp.com
  version: 0.1.0
digest: sha256:c5092bbd681f7b3f4e30822e0ddd0218940882f375469926a4da6afa77730048
generated: "2020-07-18T22:44:16.600708264+02:00"
