dependencies:
- name: cp-helm-charts
  repository: https://confluentinc.github.io/cp-helm-charts/
  version: 0.5.0
- name: mp-web-client
  repository: https://chartmuseum.iot-data-mp.com
  version: 0.1.0
- name: mp-api-gateway
  repository: https://chartmuseum.iot-data-mp.com
  version: 0.1.0
- name: mp-stream-api
  repository: https://chartmuseum.iot-data-mp.com
  version: 0.1.0
- name: mp-bc-client
  repository: https://chartmuseum.iot-data-mp.com
  version: 0.1.0
- name: mp-eth-node
  repository: https://chartmuseum.iot-data-mp.com
  version: 0.1.0
- name: mp-signature-verifier
  repository: https://chartmuseum.iot-data-mp.com
  version: 0.1.0
- name: mp-entity-manager
  repository: https://chartmuseum.iot-data-mp.com
  version: 0.1.0
digest: sha256:f453be3eb103ede93c6b86e89f62816f71024a930d17ce32720025338611b5d1
generated: "2020-08-01T23:29:28.90000389+02:00"
